
Microsoft Visual Studio Solution File, Format Version 12.00
# Visual Studio Version 17
VisualStudioVersion = 17.5.33414.496
MinimumVisualStudioVersion = 10.0.40219.1
Project("{9A19103F-16F7-4668-BE54-9A1E7A4F7556}") = "Domein", "Domein\Domein.csproj", "{DAFF94E0-1E4F-4EAF-9759-73D63B89BC0A}"
EndProject
Project("{FAE04EC0-301F-11D3-BF4B-00C04F79EFBC}") = "Persistentie", "Persistentie\Persistentie.csproj", "{4DC5F02D-8664-47E9-8A99-8145AD33CE1B}"
EndProject
Project("{FAE04EC0-301F-11D3-BF4B-00C04F79EFBC}") = "CUI", "CUI\CUI.csproj", "{B9F3DDA9-5FAD-4B00-8F1F-069795B9664E}"
EndProject
Global
	GlobalSection(SolutionConfigurationPlatforms) = preSolution
		Debug|Any CPU = Debug|Any CPU
		Release|Any CPU = Release|Any CPU
	EndGlobalSection
	GlobalSection(ProjectConfigurationPlatforms) = postSolution
		{DAFF94E0-1E4F-4EAF-9759-73D63B89BC0A}.Debug|Any CPU.ActiveCfg = Debug|Any CPU
		{DAFF94E0-1E4F-4EAF-9759-73D63B89BC0A}.Debug|Any CPU.Build.0 = Debug|Any CPU
		{DAFF94E0-1E4F-4EAF-9759-73D63B89BC0A}.Release|Any CPU.ActiveCfg = Release|Any CPU
		{DAFF94E0-1E4F-4EAF-9759-73D63B89BC0A}.Release|Any CPU.Build.0 = Release|Any CPU
		{4DC5F02D-8664-47E9-8A99-8145AD33CE1B}.Debug|Any CPU.ActiveCfg = Debug|Any CPU
		{4DC5F02D-8664-47E9-8A99-8145AD33CE1B}.Debug|Any CPU.Build.0 = Debug|Any CPU
		{4DC5F02D-8664-47E9-8A99-8145AD33CE1B}.Release|Any CPU.ActiveCfg = Release|Any CPU
		{4DC5F02D-8664-47E9-8A99-8145AD33CE1B}.Release|Any CPU.Build.0 = Release|Any CPU
		{B9F3DDA9-5FAD-4B00-8F1F-069795B9664E}.Debug|Any CPU.ActiveCfg = Debug|Any CPU
		{B9F3DDA9-5FAD-4B00-8F1F-069795B9664E}.Debug|Any CPU.Build.0 = Debug|Any CPU
		{B9F3DDA9-5FAD-4B00-8F1F-069795B9664E}.Release|Any CPU.ActiveCfg = Release|Any CPU
		{B9F3DDA9-5FAD-4B00-8F1F-069795B9664E}.Release|Any CPU.Build.0 = Release|Any CPU
	EndGlobalSection
	GlobalSection(SolutionProperties) = preSolution
		HideSolutionNode = FALSE
	EndGlobalSection
	GlobalSection(ExtensibilityGlobals) = postSolution
		SolutionGuid = {248F6B80-67C2-47AE-B905-68CA9965AB4D}
	EndGlobalSection
EndGlobal
